{
	"name": "@pallad/migrator-core",
	"version": "1.1.4",
	"lockfileVersion": 1,
	"requires": true,
	"dependencies": {
		"alpha-errors": {
			"version": "0.3.0",
			"resolved": "https://registry.npmjs.org/alpha-errors/-/alpha-errors-0.3.0.tgz",
			"integrity": "sha512-CfXC59Q3qJhoMdRf9Jmcax2nYxZSqT8NWn+gvZcVYYebioqDEZbO8ZYqOe2aeaaaq7gfTY2LHtAt9t77Mdqh0A=="
		},
		"array-find": {
			"version": "1.0.0",
			"resolved": "https://registry.npmjs.org/array-find/-/array-find-1.0.0.tgz",
			"integrity": "sha1-bI4obRHtdoMn+OYuzuhzU8o+eLg="
		},
		"predicates": {
			"version": "2.0.3",
			"resolved": "https://registry.npmjs.org/predicates/-/predicates-2.0.3.tgz",
			"integrity": "sha512-eL+bhIiWrD+kx/olyYBcAFn258Oo9MTB7iehgBIaflVS8DBLuVtQvOpwgWwlya6YFUIiKaVoA3HaBNJuVNcyIA==",
			"requires": {
				"array-find": "^1.0.0"
			}
		},
		"rxjs": {
			"version": "7.5.2",
			"resolved": "https://registry.npmjs.org/rxjs/-/rxjs-7.5.2.tgz",
			"integrity": "sha512-PwDt186XaL3QN5qXj/H9DGyHhP3/RYYgZZwqBv9Tv8rsAaiwFH1IsJJlcgD37J7UW5a6O67qX0KWKS3/pu0m4w==",
			"requires": {
				"tslib": "^2.1.0"
			},
			"dependencies": {
				"tslib": {
					"version": "2.3.1",
					"resolved": "https://registry.npmjs.org/tslib/-/tslib-2.3.1.tgz",
					"integrity": "sha512-77EbyPPpMz+FRFRuAFlWMtmgUWGe9UOG2Z25NqCwiIjRhOf5iKGuzSe5P2w1laq+FkRy4p+PCuVkJSGkzTEKVw=="
				}
			}
		},
		"tslib": {
			"version": "1.10.0",
			"resolved": "https://registry.npmjs.org/tslib/-/tslib-1.10.0.tgz",
			"integrity": "sha512-qOebF53frne81cf0S9B41ByenJ3/IuH8yJKngAX35CmiZySA0khhkovshKK+jGCaMnVomla7gVlIcc3EvKPbTQ=="
		}
	}
}
